
Microsoft Visual Studio Solution File, Format Version 12.00
# Visual Studio Version 16
VisualStudioVersion = 16.0.30002.166
MinimumVisualStudioVersion = 10.0.40219.1
Project("{FAE04EC0-301F-11D3-BF4B-00C04F79EFBC}") = "DiskInventory", "DiskInventory\DiskInventory.csproj", "{DF84CF0E-6539-428C-B116-EC34A962923D}"
EndProject
Global
	GlobalSection(SolutionConfigurationPlatforms) = preSolution
		Debug|Any CPU = Debug|Any CPU
		Release|Any CPU = Release|Any CPU
	EndGlobalSection
	GlobalSection(ProjectConfigurationPlatforms) = postSolution
		{DF84CF0E-6539-428C-B116-EC34A962923D}.Debug|Any CPU.ActiveCfg = Debug|Any CPU
		{DF84CF0E-6539-428C-B116-EC34A962923D}.Debug|Any CPU.Build.0 = Debug|Any CPU
		{DF84CF0E-6539-428C-B116-EC34A962923D}.Release|Any CPU.ActiveCfg = Release|Any CPU
		{DF84CF0E-6539-428C-B116-EC34A962923D}.Release|Any CPU.Build.0 = Release|Any CPU
	EndGlobalSection
	GlobalSection(SolutionProperties) = preSolution
		HideSolutionNode = FALSE
	EndGlobalSection
	GlobalSection(ExtensibilityGlobals) = postSolution
		SolutionGuid = {67ACDBDA-D8B0-4776-B5E5-A47912693830}
	EndGlobalSection
EndGlobal
